
Microsoft Visual Studio Solution File, Format Version 12.00
# Visual Studio 2013
VisualStudioVersion = 12.0.40629.0
MinimumVisualStudioVersion = 10.0.40219.1
Project("{FAE04EC0-301F-11D3-BF4B-00C04F79EFBC}") = "MassTransit.SimpleInjectorIntegration", "MassTransit.SimpleInjectorIntegration\MassTransit.SimpleInjectorIntegration.csproj", "{64B11BA7-99F4-4E6D-80E2-2CB2C86F9323}"
EndProject
Project("{2150E333-8FDC-42A3-9474-1A3956D46DE8}") = ".nuget", ".nuget", "{E65D8264-11CF-4EC6-BAA3-CD237DEA058F}"
	ProjectSection(SolutionItems) = preProject
		.nuget\NuGet.Config = .nuget\NuGet.Config
		.nuget\NuGet.exe = .nuget\NuGet.exe
		.nuget\NuGet.targets = .nuget\NuGet.targets
	EndProjectSection
EndProject
Project("{FAE04EC0-301F-11D3-BF4B-00C04F79EFBC}") = "MassTransit.SimpleInjectorIntegration.UnitTests", "MassTransit.SimpleInjectorIntegration.UnitTests\MassTransit.SimpleInjectorIntegration.UnitTests.csproj", "{0682B951-AFDC-435E-B510-94341A708138}"
EndProject
Global
	GlobalSection(SolutionConfigurationPlatforms) = preSolution
		Debug|Any CPU = Debug|Any CPU
		Release|Any CPU = Release|Any CPU
	EndGlobalSection
	GlobalSection(ProjectConfigurationPlatforms) = postSolution
		{64B11BA7-99F4-4E6D-80E2-2CB2C86F9323}.Debug|Any CPU.ActiveCfg = Debug|Any CPU
		{64B11BA7-99F4-4E6D-80E2-2CB2C86F9323}.Debug|Any CPU.Build.0 = Debug|Any CPU
		{64B11BA7-99F4-4E6D-80E2-2CB2C86F9323}.Release|Any CPU.ActiveCfg = Release|Any CPU
		{64B11BA7-99F4-4E6D-80E2-2CB2C86F9323}.Release|Any CPU.Build.0 = Release|Any CPU
		{0682B951-AFDC-435E-B510-94341A708138}.Debug|Any CPU.ActiveCfg = Debug|Any CPU
		{0682B951-AFDC-435E-B510-94341A708138}.Debug|Any CPU.Build.0 = Debug|Any CPU
		{0682B951-AFDC-435E-B510-94341A708138}.Release|Any CPU.ActiveCfg = Release|Any CPU
		{0682B951-AFDC-435E-B510-94341A708138}.Release|Any CPU.Build.0 = Release|Any CPU
	EndGlobalSection
	GlobalSection(SolutionProperties) = preSolution
		HideSolutionNode = FALSE
	EndGlobalSection
EndGlobal
